{
  "name": "@beezyinc/lernatest2",
  "version": "1.0.1-alpha.0",
  "lockfileVersion": 1,
  "requires": true,
  "dependencies": {
    "@beezyinc/lernatest1": {
      "version": "1.0.2-alpha.0",
      "resolved": "https://registry.npmjs.org/@beezyinc/lernatest1/-/lernatest1-1.0.2-alpha.0.tgz",
      "integrity": "sha512-Wlmsef7Qnkmu/86Y9Q+axid37n7SUoxYg8mP7XUVxvCz6ZmQlFXQwhqsDyTWpSrHqq59t9Xg5UGRN5EcFmW4qg=="
    }
  }
}
